
Microsoft Visual Studio Solution File, Format Version 12.00
# Visual Studio Version 17
VisualStudioVersion = 17.5.33414.496
MinimumVisualStudioVersion = 10.0.40219.1
Project("{FAE04EC0-301F-11D3-BF4B-00C04F79EFBC}") = "Uc_13_Sabrina_Alves_Razor_00001", "Uc_13_Sabrina_Alves_Razor_00001\Uc_13_Sabrina_Alves_Razor_00001.csproj", "{F12DCC0A-D78B-4586-ACB9-CD5BE91D794B}"
EndProject
Global
	GlobalSection(SolutionConfigurationPlatforms) = preSolution
		Debug|Any CPU = Debug|Any CPU
		Release|Any CPU = Release|Any CPU
	EndGlobalSection
	GlobalSection(ProjectConfigurationPlatforms) = postSolution
		{F12DCC0A-D78B-4586-ACB9-CD5BE91D794B}.Debug|Any CPU.ActiveCfg = Debug|Any CPU
		{F12DCC0A-D78B-4586-ACB9-CD5BE91D794B}.Debug|Any CPU.Build.0 = Debug|Any CPU
		{F12DCC0A-D78B-4586-ACB9-CD5BE91D794B}.Release|Any CPU.ActiveCfg = Release|Any CPU
		{F12DCC0A-D78B-4586-ACB9-CD5BE91D794B}.Release|Any CPU.Build.0 = Release|Any CPU
	EndGlobalSection
	GlobalSection(SolutionProperties) = preSolution
		HideSolutionNode = FALSE
	EndGlobalSection
	GlobalSection(ExtensibilityGlobals) = postSolution
		SolutionGuid = {056D0DD1-DB63-4F53-94DF-FC967A4FF241}
	EndGlobalSection
EndGlobal
